# This file was autogenerated by Stack.
# You should not edit this file by hand.
# For more information, please see the documentation at:
#   https://docs.haskellstack.org/en/stable/lock_files

snapshots:
- original: nightly-2020-11-06
  completed:
    sha256: d8fa9554a98e6d3c1cf05ca6c5b7cfadedc6ad6461df6eb5b8202fafbf102bad
    url: https://raw.githubusercontent.com/commercialhaskell/stackage-snapshots/master/nightly/2020/11/6.yaml
    size: 544237
packages:
- original:
    git: https://github.com/luvemil/fakedata.git
    commit: d1b4a77e57125bcf434904fb44761802e06ad774
  completed:
    pantry-tree:
      sha256: 426876ab9c85831ecda854691ee366d594d448577046581ef3e0fc7b426a81cd
      size: 96747
    version: 0.8.0
    git: https://github.com/luvemil/fakedata.git
    name: fakedata
    commit: d1b4a77e57125bcf434904fb44761802e06ad774
